{
  "name": "website2",
  "version": "1.0.0",
  "lockfileVersion": 1,
  "requires": true,
  "dependencies": {
    "@types/jquery": {
      "version": "3.2.16",
      "resolved": "https://registry.npmjs.org/@types/jquery/-/jquery-3.2.16.tgz",
      "integrity": "sha512-q2WC02YxQoX2nY1HRKlYGHpGP1saPmD7GN0pwCDlTz35a4eOtJG+aHRlXyjCuXokUukSrR2aXyBhSW3j+jPc0A==",
      "dev": true
    },
    "bootstrap": {
      "version": "3.3.7",
      "resolved": "https://registry.npmjs.org/bootstrap/-/bootstrap-3.3.7.tgz",
      "integrity": "sha1-WjiTlFSfIzMIdaOxUGVldPip63E="
    },
    "browserify": {
      "version": "14.5.0",
      "resolved": "https://registry.npmjs.org/browserify/-/browserify-14.5.0.tgz",
      "integrity": "sha512-gKfOsNQv/toWz+60nSPfYzuwSEdzvV2WdxrVPUbPD/qui44rAkB3t3muNtmmGYHqrG56FGwX9SUEQmzNLAeS7g==",
      "dependencies": {
        "browserify-zlib": {
          "version": "0.2.0",
          "resolved": "https://registry.npmjs.org/browserify-zlib/-/browserify-zlib-0.2.0.tgz",
          "integrity": "sha512-Z942RysHXmJrhqk88FmKBVq/v5tqmSkDz7p54G/MGyjMnCFFnC79XWNbg+Vta8W6Wb2qtSZTSxIGkJrRpCFEiA=="
        },
        "os-browserify": {
          "version": "0.3.0",
          "resolved": "https://registry.npmjs.org/os-browserify/-/os-browserify-0.3.0.tgz",
          "integrity": "sha1-hUNzx/XCMVkU/Jv8a9gjj92h7Cc="
        },
        "pako": {
          "version": "1.0.6",
          "resolved": "https://registry.npmjs.org/pako/-/pako-1.0.6.tgz",
          "integrity": "sha512-lQe48YPsMJAig+yngZ87Lus+NF+3mtu7DVOBu6b/gHO1YpKwIj5AWjZ/TOS7i46HD/UixzWb1zeWDZfGZ3iYcg=="
        }
      }
    },
    "browserify-fs": {
      "version": "1.0.0",
      "resolved": "https://registry.npmjs.org/browserify-fs/-/browserify-fs-1.0.0.tgz",
      "integrity": "sha1-8HWqinKdTRcW0GZiDjhvzBMRqW8="
    },
    "fs": {
      "version": "0.0.1-security",
      "resolved": "https://registry.npmjs.org/fs/-/fs-0.0.1-security.tgz",
      "integrity": "sha1-invTcYa23d84E/I4WLV+yq9eQdQ="
    },
    "jquery": {
      "version": "3.5.0",
      "resolved": "https://registry.npmjs.org/jquery/-/jquery-3.5.0.tgz",
      "integrity": "sha512-Xb7SVYMvygPxbFMpTFQiHh1J7HClEaThguL15N/Gg37Lri/qKyhRGZYzHRyLH8Stq3Aow0LsHO2O2ci86fCrNQ=="
    },
    "jsdom": {
      "version": "11.5.1",
      "resolved": "https://registry.npmjs.org/jsdom/-/jsdom-11.5.1.tgz",
      "integrity": "sha512-89ztIZ03aYK9f1uUrLXLsZndRge/JnZjzjpaN+lrse3coqz+8PR/dX4WLHpbF5fIKTXhDjFODOJw2328lPJ90g==",
      "dependencies": {
        "acorn": {
          "version": "5.2.1",
          "resolved": "https://registry.npmjs.org/acorn/-/acorn-5.2.1.tgz",
          "integrity": "sha512-jG0u7c4Ly+3QkkW18V+NRDN+4bWHdln30NL1ZL2AvFZZmQe/BfopYCtghCKKVBUSetZ4QKcyA0pY6/4Gw8Pv8w=="
        },
        "nwmatcher": {
          "version": "1.4.3",
          "resolved": "https://registry.npmjs.org/nwmatcher/-/nwmatcher-1.4.3.tgz",
          "integrity": "sha512-IKdSTiDWCarf2JTS5e9e2+5tPZGdkRJ79XjYV0pzK8Q9BpsFyBq1RGKxzs7Q8UBushGw7m6TzVKz6fcY99iSWw=="
        },
        "request": {
          "version": "2.83.0",
          "resolved": "https://registry.npmjs.org/request/-/request-2.83.0.tgz",
          "integrity": "sha512-lR3gD69osqm6EYLk9wB/G1W/laGWjzH90t1vEa2xuxHD5KUrSzp9pUSfTm+YC5Nxt2T8nMPEvKlhbQayU7bgFw=="
        }
      }
    },
    "scrollmagic": {
      "version": "2.0.5",
      "resolved": "https://registry.npmjs.org/scrollmagic/-/scrollmagic-2.0.5.tgz",
      "integrity": "sha1-rXWXNBx2+x9KW+wSlooJIjvQjdk="
    },
    "ts-loader": {
      "version": "2.3.7",
      "resolved": "https://registry.npmjs.org/ts-loader/-/ts-loader-2.3.7.tgz",
      "integrity": "sha512-8t3bu2FcEkXb+D4L+Cn8qiK2E2C6Ms4/GQChvz6IMbVurcFHLXrhW4EMtfaol1a1ASQACZGDUGit4NHnX9g7hQ==",
      "dev": true,
      "dependencies": {
        "semver": {
          "version": "5.4.1",
          "resolved": "https://registry.npmjs.org/semver/-/semver-5.4.1.tgz",
          "integrity": "sha512-WfG/X9+oATh81XtllIo/I8gOiY9EXRdv1cQdyykeXK17YcUW3EXUAi2To4pcH6nZtJPr7ZOpM5OMyWJZm+8Rsg=="
        }
      }
    },
    "tsc": {
      "version": "1.20150623.0",
      "resolved": "https://registry.npmjs.org/tsc/-/tsc-1.20150623.0.tgz",
      "integrity": "sha1-Trw8d04WkUjLx2inNCUz8ILHpuU="
    },
    "typescript": {
      "version": "2.6.2",
      "resolved": "https://registry.npmjs.org/typescript/-/typescript-2.6.2.tgz",
      "integrity": "sha1-PFtv1/beCRQmkCfwPAlGdY92c6Q="
    }
  }
}
